// !$*UTF8*$!
{
	archiveVersion = 1;
	classes = {
	};
	objectVersion = 48;
	objects = {

/* Begin PBXBuildFile section */
		63B7A1081FF68FC000972509 /* AppDelegate.m in Sources */ = {isa = PBXBuildFile; fileRef = 63B7A1071FF68FC000972509 /* AppDelegate.m */; };
		63B7A10B1FF68FC000972509 /* ViewController.m in Sources */ = {isa = PBXBuildFile; fileRef = 63B7A10A1FF68FC000972509 /* ViewController.m */; };
		63B7A10E1FF68FC000972509 /* Main.storyboard in Resources */ = {isa = PBXBuildFile; fileRef = 63B7A10C1FF68FC000972509 /* Main.storyboard */; };
		63B7A1101FF68FC000972509 /* Assets.xcassets in Resources */ = {isa = PBXBuildFile; fileRef = 63B7A10F1FF68FC000972509 /* Assets.xcassets */; };
		63B7A1131FF68FC000972509 /* LaunchScreen.storyboard in Resources */ = {isa = PBXBuildFile; fileRef = 63B7A1111FF68FC000972509 /* LaunchScreen.storyboard */; };
		63B7A1161FF68FC000972509 /* main.m in Sources */ = {isa = PBXBuildFile; fileRef = 63B7A1151FF68FC000972509 /* main.m */; };
		63B7A1201FF68FC000972509 /* ttttttttttTests.m in Sources */ = {isa = PBXBuildFile; fileRef = 63B7A11F1FF68FC000972509 /* ttttttttttTests.m */; };
		63B7A12B1FF68FC100972509 /* ttttttttttUITests.m in Sources */ = {isa = PBXBuildFile; fileRef = 63B7A12A1FF68FC100972509 /* ttttttttttUITests.m */; };
/* End PBXBuildFile section */

/* Begin PBXContainerItemProxy section */
		63B7A11C1FF68FC000972509 /* PBXContainerItemProxy */ = {
			isa = PBXContainerItemProxy;
			containerPortal = 63B7A0FB1FF68FC000972509 /* Project object */;
			proxyType = 1;
			remoteGlobalIDString = 63B7A1021FF68FC000972509;
			remoteInfo = tttttttttt;
		};
		63B7A1271FF68FC000972509 /* PBXContainerItemProxy */ = {
			isa = PBXContainerItemProxy;
			containerPortal = 63B7A0FB1FF68FC000972509 /* Project object */;
			proxyType = 1;
			remoteGlobalIDString = 63B7A1021FF68FC000972509;
			remoteInfo = tttttttttt;
		};
/* End PBXContainerItemProxy section */

/* Begin PBXFileReference section */
		63B7A1031FF68FC000972509 /* tttttttttt.app */ = {isa = PBXFileReference; explicitFileType = wrapper.application; includeInIndex = 0; path = tttttttttt.app; sourceTree = BUILT_PRODUCTS_DIR; };
		63B7A1061FF68FC000972509 /* AppDelegate.h */ = {isa = PBXFileReference; lastKnownFileType = sourcecode.c.h; path = AppDelegate.h; sourceTree = "<group>"; };
		63B7A1071FF68FC000972509 /* AppDelegate.m */ = {isa = PBXFileReference; lastKnownFileType = sourcecode.c.objc; path = AppDelegate.m; sourceTree = "<group>"; };
		63B7A1091FF68FC000972509 /* ViewController.h */ = {isa = PBXFileReference; lastKnownFileType = sourcecode.c.h; path = ViewController.h; sourceTree = "<group>"; };
		63B7A10A1FF68FC000972509 /* ViewController.m */ = {isa = PBXFileReference; lastKnownFileType = sourcecode.c.objc; path = ViewController.m; sourceTree = "<group>"; };
		63B7A10D1FF68FC000972509 /* Base */ = {isa = PBXFileReference; lastKnownFileType = file.storyboard; name = Base; path = Base.lproj/Main.storyboard; sourceTree = "<group>"; };
		63B7A10F1FF68FC000972509 /* Assets.xcassets */ = {isa = PBXFileReference; lastKnownFileType = folder.assetcatalog; path = Assets.xcassets; sourceTree = "<group>"; };
		63B7A1121FF68FC000972509 /* Base */ = {isa = PBXFileReference; lastKnownFileType = file.storyboard; name = Base; path = Base.lproj/LaunchScreen.storyboard; sourceTree = "<group>"; };
		63B7A1141FF68FC000972509 /* Info.plist */ = {isa = PBXFileReference; lastKnownFileType = text.plist.xml; path = Info.plist; sourceTree = "<group>"; };
		63B7A1151FF68FC000972509 /* main.m */ = {isa = PBXFileReference; lastKnownFileType = sourcecode.c.objc; path = main.m; sourceTree = "<group>"; };
		63B7A11B1FF68FC000972509 /* ttttttttttTests.xctest */ = {isa = PBXFileReference; explicitFileType = wrapper.cfbundle; includeInIndex = 0; path = ttttttttttTests.xctest; sourceTree = BUILT_PRODUCTS_DIR; };
		63B7A11F1FF68FC000972509 /* ttttttttttTests.m */ = {isa = PBXFileReference; lastKnownFileType = sourcecode.c.objc; path = ttttttttttTests.m; sourceTree = "<group>"; };
		63B7A1211FF68FC000972509 /* Info.plist */ = {isa = PBXFileReference; lastKnownFileType = text.plist.xml; path = Info.plist; sourceTree = "<group>"; };
		63B7A1261FF68FC000972509 /* ttttttttttUITests.xctest */ = {isa = PBXFileReference; explicitFileType = wrapper.cfbundle; includeInIndex = 0; path = ttttttttttUITests.xctest; sourceTree = BUILT_PRODUCTS_DIR; };
		63B7A12A1FF68FC100972509 /* ttttttttttUITests.m */ = {isa = PBXFileReference; lastKnownFileType = sourcecode.c.objc; path = ttttttttttUITests.m; sourceTree = "<group>"; };
		63B7A12C1FF68FC100972509 /* Info.plist */ = {isa = PBXFileReference; lastKnownFileType = text.plist.xml; path = Info.plist; sourceTree = "<group>"; };
/* End PBXFileReference section */

/* Begin PBXFrameworksBuildPhase section */
		63B7A1001FF68FC000972509 /* Frameworks */ = {
			isa = PBXFrameworksBuildPhase;
			buildActionMask = 2147483647;
			files = (
			);
			runOnlyForDeploymentPostprocessing = 0;
		};
		63B7A1181FF68FC000972509 /* Frameworks */ = {
			isa = PBXFrameworksBuildPhase;
			buildActionMask = 2147483647;
			files = (
			);
			runOnlyForDeploymentPostprocessing = 0;
		};
		63B7A1231FF68FC000972509 /* Frameworks */ = {
			isa = PBXFrameworksBuildPhase;
			buildActionMask = 2147483647;
			files = (
			);
			runOnlyForDeploymentPostprocessing = 0;
		};
/* End PBXFrameworksBuildPhase section */

/* Begin PBXGroup section */
		63B7A0FA1FF68FC000972509 = {
			isa = PBXGroup;
			children = (
				63B7A1051FF68FC000972509 /* tttttttttt */,
				63B7A11E1FF68FC000972509 /* ttttttttttTests */,
				63B7A1291FF68FC100972509 /* ttttttttttUITests */,
				63B7A1041FF68FC000972509 /* Products */,
			);
			sourceTree = "<group>";
		};
		63B7A1041FF68FC000972509 /* Products */ = {
			isa = PBXGroup;
			children = (
				63B7A1031FF68FC000972509 /* tttttttttt.app */,
				63B7A11B1FF68FC000972509 /* ttttttttttTests.xctest */,
				63B7A1261FF68FC000972509 /* ttttttttttUITests.xctest */,
			);
			name = Products;
			sourceTree = "<group>";
		};
		63B7A1051FF68FC000972509 /* tttttttttt */ = {
			isa = PBXGroup;
			children = (
				63B7A1061FF68FC000972509 /* AppDelegate.h */,
				63B7A1071FF68FC000972509 /* AppDelegate.m */,
				63B7A1091FF68FC000972509 /* ViewController.h */,
				63B7A10A1FF68FC000972509 /* ViewController.m */,
				63B7A10C1FF68FC000972509 /* Main.storyboard */,
				63B7A10F1FF68FC000972509 /* Assets.xcassets */,
				63B7A1111FF68FC000972509 /* LaunchScreen.storyboard */,
				63B7A1141FF68FC000972509 /* Info.plist */,
				63B7A1151FF68FC000972509 /* main.m */,
			);
			path = tttttttttt;
			sourceTree = "<group>";
		};
		63B7A11E1FF68FC000972509 /* ttttttttttTests */ = {
			isa = PBXGroup;
			children = (
				63B7A11F1FF68FC000972509 /* ttttttttttTests.m */,
				63B7A1211FF68FC000972509 /* Info.plist */,
			);
			path = ttttttttttTests;
			sourceTree = "<group>";
		};
		63B7A1291FF68FC100972509 /* ttttttttttUITests */ = {
			isa = PBXGroup;
			children = (
				63B7A12A1FF68FC100972509 /* ttttttttttUITests.m */,
				63B7A12C1FF68FC100972509 /* Info.plist */,
			);
			path = ttttttttttUITests;
			sourceTree = "<group>";
		};
/* End PBXGroup section */

/* Begin PBXNativeTarget section */
		63B7A1021FF68FC000972509 /* tttttttttt */ = {
			isa = PBXNativeTarget;
			buildConfigurationList = 63B7A12F1FF68FC100972509 /* Build configuration list for PBXNativeTarget "tttttttttt" */;
			buildPhases = (
				63B7A0FF1FF68FC000972509 /* Sources */,
				63B7A1001FF68FC000972509 /* Frameworks */,
				63B7A1011FF68FC000972509 /* Resources */,
			);
			buildRules = (
			);
			dependencies = (
			);
			name = tttttttttt;
			productName = tttttttttt;
			productReference = 63B7A1031FF68FC000972509 /* tttttttttt.app */;
			productType = "com.apple.product-type.application";
		};
		63B7A11A1FF68FC000972509 /* ttttttttttTests */ = {
			isa = PBXNativeTarget;
			buildConfigurationList = 63B7A1321FF68FC100972509 /* Build configuration list for PBXNativeTarget "ttttttttttTests" */;
			buildPhases = (
				63B7A1171FF68FC000972509 /* Sources */,
				63B7A1181FF68FC000972509 /* Frameworks */,
				63B7A1191FF68FC000972509 /* Resources */,
			);
			buildRules = (
			);
			dependencies = (
				63B7A11D1FF68FC000972509 /* PBXTargetDependency */,
			);
			name = ttttttttttTests;
			productName = ttttttttttTests;
			productReference = 63B7A11B1FF68FC000972509 /* ttttttttttTests.xctest */;
			productType = "com.apple.product-type.bundle.unit-test";
		};
		63B7A1251FF68FC000972509 /* ttttttttttUITests */ = {
			isa = PBXNativeTarget;
			buildConfigurationList = 63B7A1351FF68FC100972509 /* Build configuration list for PBXNativeTarget "ttttttttttUITests" */;
			buildPhases = (
				63B7A1221FF68FC000972509 /* Sources */,
				63B7A1231FF68FC000972509 /* Frameworks */,
				63B7A1241FF68FC000972509 /* Resources */,
			);
			buildRules = (
			);
			dependencies = (
				63B7A1281FF68FC000972509 /* PBXTargetDependency */,
			);
			name = ttttttttttUITests;
			productName = ttttttttttUITests;
			productReference = 63B7A1261FF68FC000972509 /* ttttttttttUITests.xctest */;
			productType = "com.apple.product-type.bundle.ui-testing";
		};
/* End PBXNativeTarget section */

/* Begin PBXProject section */
		63B7A0FB1FF68FC000972509 /* Project object */ = {
			isa = PBXProject;
			attributes = {
				LastUpgradeCheck = 0920;
				ORGANIZATIONNAME = "黄";
				TargetAttributes = {
					63B7A1021FF68FC000972509 = {
						CreatedOnToolsVersion = 9.2;
						ProvisioningStyle = Automatic;
					};
					63B7A11A1FF68FC000972509 = {
						CreatedOnToolsVersion = 9.2;
						ProvisioningStyle = Automatic;
						TestTargetID = 63B7A1021FF68FC000972509;
					};
					63B7A1251FF68FC000972509 = {
						CreatedOnToolsVersion = 9.2;
						ProvisioningStyle = Automatic;
						TestTargetID = 63B7A1021FF68FC000972509;
					};
				};
			};
			buildConfigurationList = 63B7A0FE1FF68FC000972509 /* Build configuration list for PBXProject "tttttttttt" */;
			compatibilityVersion = "Xcode 8.0";
			developmentRegion = en;
			hasScannedForEncodings = 0;
			knownRegions = (
				en,
				Base,
			);
			mainGroup = 63B7A0FA1FF68FC000972509;
			productRefGroup = 63B7A1041FF68FC000972509 /* Products */;
			projectDirPath = "";
			projectRoot = "";
			targets = (
				63B7A1021FF68FC000972509 /* tttttttttt */,
				63B7A11A1FF68FC000972509 /* ttttttttttTests */,
				63B7A1251FF68FC000972509 /* ttttttttttUITests */,
			);
		};
/* End PBXProject section */

/* Begin PBXResourcesBuildPhase section */
		63B7A1011FF68FC000972509 /* Resources */ = {
			isa = PBXResourcesBuildPhase;
			buildActionMask = 2147483647;
			files = (
				63B7A1131FF68FC000972509 /* LaunchScreen.storyboard in Resources */,
				63B7A1101FF68FC000972509 /* Assets.xcassets in Resources */,
				63B7A10E1FF68FC000972509 /* Main.storyboard in Resources */,
			);
			runOnlyForDeploymentPostprocessing = 0;
		};
		63B7A1191FF68FC000972509 /* Resources */ = {
			isa = PBXResourcesBuildPhase;
			buildActionMask = 2147483647;
			files = (
			);
			runOnlyForDeploymentPostprocessing = 0;
		};
		63B7A1241FF68FC000972509 /* Resources */ = {
			isa = PBXResourcesBuildPhase;
			buildActionMask = 2147483647;
			files = (
			);
			runOnlyForDeploymentPostprocessing = 0;
		};
/* End PBXResourcesBuildPhase section */

/* Begin PBXSourcesBuildPhase section */
		63B7A0FF1FF68FC000972509 /* Sources */ = {
			isa = PBXSourcesBuildPhase;
			buildActionMask = 2147483647;
			files = (
				63B7A10B1FF68FC000972509 /* ViewController.m in Sources */,
				63B7A1161FF68FC000972509 /* main.m in Sources */,
				63B7A1081FF68FC000972509 /* AppDelegate.m in Sources */,
			);
			runOnlyForDeploymentPostprocessing = 0;
		};
		63B7A1171FF68FC000972509 /* Sources */ = {
			isa = PBXSourcesBuildPhase;
			buildActionMask = 2147483647;
			files = (
				63B7A1201FF68FC000972509 /* ttttttttttTests.m in Sources */,
			);
			runOnlyForDeploymentPostprocessing = 0;
		};
		63B7A1221FF68FC000972509 /* Sources */ = {
			isa = PBXSourcesBuildPhase;
			buildActionMask = 2147483647;
			files = (
				63B7A12B1FF68FC100972509 /* ttttttttttUITests.m in Sources */,
			);
			runOnlyForDeploymentPostprocessing = 0;
		};
/* End PBXSourcesBuildPhase section */

/* Begin PBXTargetDependency section */
		63B7A11D1FF68FC000972509 /* PBXTargetDependency */ = {
			isa = PBXTargetDependency;
			target = 63B7A1021FF68FC000972509 /* tttttttttt */;
			targetProxy = 63B7A11C1FF68FC000972509 /* PBXContainerItemProxy */;
		};
		63B7A1281FF68FC000972509 /* PBXTargetDependency */ = {
			isa = PBXTargetDependency;
			target = 63B7A1021FF68FC000972509 /* tttttttttt */;
			targetProxy = 63B7A1271FF68FC000972509 /* PBXContainerItemProxy */;
		};
/* End PBXTargetDependency section */

/* Begin PBXVariantGroup section */
		63B7A10C1FF68FC000972509 /* Main.storyboard */ = {
			isa = PBXVariantGroup;
			children = (
				63B7A10D1FF68FC000972509 /* Base */,
			);
			name = Main.storyboard;
			sourceTree = "<group>";
		};
		63B7A1111FF68FC000972509 /* LaunchScreen.storyboard */ = {
			isa = PBXVariantGroup;
			children = (
				63B7A1121FF68FC000972509 /* Base */,
			);
			name = LaunchScreen.storyboard;
			sourceTree = "<group>";
		};
/* End PBXVariantGroup section */

/* Begin XCBuildConfiguration section */
		63B7A12D1FF68FC100972509 /* Debug */ = {
			isa = XCBuildConfiguration;
			buildSettings = {
				ALWAYS_SEARCH_USER_PATHS = NO;
				CLANG_ANALYZER_NONNULL = YES;
				CLANG_ANALYZER_NUMBER_OBJECT_CONVERSION = YES_AGGRESSIVE;
				CLANG_CXX_LANGUAGE_STANDARD = "gnu++14";
				CLANG_CXX_LIBRARY = "libc++";
				CLANG_ENABLE_MODULES = YES;
				CLANG_ENABLE_OBJC_ARC = YES;
				CLANG_WARN_BLOCK_CAPTURE_AUTORELEASING = YES;
				CLANG_WARN_BOOL_CONVERSION = YES;
				CLANG_WARN_COMMA = YES;
				CLANG_WARN_CONSTANT_CONVERSION = YES;
				CLANG_WARN_DIRECT_OBJC_ISA_USAGE = YES_ERROR;
				CLANG_WARN_DOCUMENTATION_COMMENTS = YES;
				CLANG_WARN_EMPTY_BODY = YES;
				CLANG_WARN_ENUM_CONVERSION = YES;
				CLANG_WARN_INFINITE_RECURSION = YES;
				CLANG_WARN_INT_CONVERSION = YES;
				CLANG_WARN_NON_LITERAL_NULL_CONVERSION = YES;
				CLANG_WARN_OBJC_LITERAL_CONVERSION = YES;
				CLANG_WARN_OBJC_ROOT_CLASS = YES_ERROR;
				CLANG_WARN_RANGE_LOOP_ANALYSIS = YES;
				CLANG_WARN_STRICT_PROTOTYPES = YES;
				CLANG_WARN_SUSPICIOUS_MOVE = YES;
				CLANG_WARN_UNGUARDED_AVAILABILITY = YES_AGGRESSIVE;
				CLANG_WARN_UNREACHABLE_CODE = YES;
				CLANG_WARN__DUPLICATE_METHOD_MATCH = YES;
				CODE_SIGN_IDENTITY = "iPhone Developer";
				COPY_PHASE_STRIP = NO;
				DEBUG_INFORMATION_FORMAT = dwarf;
				ENABLE_STRICT_OBJC_MSGSEND = YES;
				ENABLE_TESTABILITY = YES;
				GCC_C_LANGUAGE_STANDARD = gnu11;
				GCC_DYNAMIC_NO_PIC = NO;
				GCC_NO_COMMON_BLOCKS = YES;
				GCC_OPTIMIZATION_LEVEL = 0;
				GCC_PREPROCESSOR_DEFINITIONS = (
					"DEBUG=1",
					"$(inherited)",
				);
				GCC_WARN_64_TO_32_BIT_CONVERSION = YES;
				GCC_WARN_ABOUT_RETURN_TYPE = YES_ERROR;
				GCC_WARN_UNDECLARED_SELECTOR = YES;
				GCC_WARN_UNINITIALIZED_AUTOS = YES_AGGRESSIVE;
				GCC_WARN_UNUSED_FUNCTION = YES;
				GCC_WARN_UNUSED_VARIABLE = YES;
				IPHONEOS_DEPLOYMENT_TARGET = 11.2;
				MTL_ENABLE_DEBUG_INFO = YES;
				ONLY_ACTIVE_ARCH = YES;
				SDKROOT = iphoneos;
			};
			name = Debug;
		};
		63B7A12E1FF68FC100972509 /* Release */ = {
			isa = XCBuildConfiguration;
			buildSettings = {
				ALWAYS_SEARCH_USER_PATHS = NO;
				CLANG_ANALYZER_NONNULL = YES;
				CLANG_ANALYZER_NUMBER_OBJECT_CONVERSION = YES_AGGRESSIVE;
				CLANG_CXX_LANGUAGE_STANDARD = "gnu++14";
				CLANG_CXX_LIBRARY = "libc++";
				CLANG_ENABLE_MODULES = YES;
				CLANG_ENABLE_OBJC_ARC = YES;
				CLANG_WARN_BLOCK_CAPTURE_AUTORELEASING = YES;
				CLANG_WARN_BOOL_CONVERSION = YES;
				CLANG_WARN_COMMA = YES;
				CLANG_WARN_CONSTANT_CONVERSION = YES;
				CLANG_WARN_DIRECT_OBJC_ISA_USAGE = YES_ERROR;
				CLANG_WARN_DOCUMENTATION_COMMENTS = YES;
				CLANG_WARN_EMPTY_BODY = YES;
				CLANG_WARN_ENUM_CONVERSION = YES;
				CLANG_WARN_INFINITE_RECURSION = YES;
				CLANG_WARN_INT_CONVERSION = YES;
				CLANG_WARN_NON_LITERAL_NULL_CONVERSION = YES;
				CLANG_WARN_OBJC_LITERAL_CONVERSION = YES;
				CLANG_WARN_OBJC_ROOT_CLASS = YES_ERROR;
				CLANG_WARN_RANGE_LOOP_ANALYSIS = YES;
				CLANG_WARN_STRICT_PROTOTYPES = YES;
				CLANG_WARN_SUSPICIOUS_MOVE = YES;
				CLANG_WARN_UNGUARDED_AVAILABILITY = YES_AGGRESSIVE;
				CLANG_WARN_UNREACHABLE_CODE = YES;
				CLANG_WARN__DUPLICATE_METHOD_MATCH = YES;
				CODE_SIGN_IDENTITY = "iPhone Developer";
				COPY_PHASE_STRIP = NO;
				DEBUG_INFORMATION_FORMAT = "dwarf-with-dsym";
				ENABLE_NS_ASSERTIONS = NO;
				ENABLE_STRICT_OBJC_MSGSEND = YES;
				GCC_C_LANGUAGE_STANDARD = gnu11;
				GCC_NO_COMMON_BLOCKS = YES;
				GCC_WARN_64_TO_32_BIT_CONVERSION = YES;
				GCC_WARN_ABOUT_RETURN_TYPE = YES_ERROR;
				GCC_WARN_UNDECLARED_SELECTOR = YES;
				GCC_WARN_UNINITIALIZED_AUTOS = YES_AGGRESSIVE;
				GCC_WARN_UNUSED_FUNCTION = YES;
				GCC_WARN_UNUSED_VARIABLE = YES;
				IPHONEOS_DEPLOYMENT_TARGET = 11.2;
				MTL_ENABLE_DEBUG_INFO = NO;
				SDKROOT = iphoneos;
				VALIDATE_PRODUCT = YES;
			};
			name = Release;
		};
		63B7A1301FF68FC100972509 /* Debug */ = {
			isa = XCBuildConfiguration;
			buildSettings = {
				ASSETCATALOG_COMPILER_APPICON_NAME = AppIcon;
				CODE_SIGN_STYLE = Automatic;
				INFOPLIST_FILE = tttttttttt/Info.plist;
				LD_RUNPATH_SEARCH_PATHS = "$(inherited) @executable_path/Frameworks";
				PRODUCT_BUNDLE_IDENTIFIER = "-.tttttttttt";
				PRODUCT_NAME = "$(TARGET_NAME)";
				TARGETED_DEVICE_FAMILY = "1,2";
			};
			name = Debug;
		};
		63B7A1311FF68FC100972509 /* Release */ = {
			isa = XCBuildConfiguration;
			buildSettings = {
				ASSETCATALOG_COMPILER_APPICON_NAME = AppIcon;
				CODE_SIGN_STYLE = Automatic;
				INFOPLIST_FILE = tttttttttt/Info.plist;
				LD_RUNPATH_SEARCH_PATHS = "$(inherited) @executable_path/Frameworks";
				PRODUCT_BUNDLE_IDENTIFIER = "-.tttttttttt";
				PRODUCT_NAME = "$(TARGET_NAME)";
				TARGETED_DEVICE_FAMILY = "1,2";
			};
			name = Release;
		};
		63B7A1331FF68FC100972509 /* Debug */ = {
			isa = XCBuildConfiguration;
			buildSettings = {
				BUNDLE_LOADER = "$(TEST_HOST)";
				CODE_SIGN_STYLE = Automatic;
				INFOPLIST_FILE = ttttttttttTests/Info.plist;
				LD_RUNPATH_SEARCH_PATHS = "$(inherited) @executable_path/Frameworks @loader_path/Frameworks";
				PRODUCT_BUNDLE_IDENTIFIER = "-.ttttttttttTests";
				PRODUCT_NAME = "$(TARGET_NAME)";
				TARGETED_DEVICE_FAMILY = "1,2";
				TEST_HOST = "$(BUILT_PRODUCTS_DIR)/tttttttttt.app/tttttttttt";
			};
			name = Debug;
		};
		63B7A1341FF68FC100972509 /* Release */ = {
			isa = XCBuildConfiguration;
			buildSettings = {
				BUNDLE_LOADER = "$(TEST_HOST)";
				CODE_SIGN_STYLE = Automatic;
				INFOPLIST_FILE = ttttttttttTests/Info.plist;
				LD_RUNPATH_SEARCH_PATHS = "$(inherited) @executable_path/Frameworks @loader_path/Frameworks";
				PRODUCT_BUNDLE_IDENTIFIER = "-.ttttttttttTests";
				PRODUCT_NAME = "$(TARGET_NAME)";
				TARGETED_DEVICE_FAMILY = "1,2";
				TEST_HOST = "$(BUILT_PRODUCTS_DIR)/tttttttttt.app/tttttttttt";
			};
			name = Release;
		};
		63B7A1361FF68FC100972509 /* Debug */ = {
			isa = XCBuildConfiguration;
			buildSettings = {
				CODE_SIGN_STYLE = Automatic;
				INFOPLIST_FILE = ttttttttttUITests/Info.plist;
				LD_RUNPATH_SEARCH_PATHS = "$(inherited) @executable_path/Frameworks @loader_path/Frameworks";
				PRODUCT_BUNDLE_IDENTIFIER = "-.ttttttttttUITests";
				PRODUCT_NAME = "$(TARGET_NAME)";
				TARGETED_DEVICE_FAMILY = "1,2";
				TEST_TARGET_NAME = tttttttttt;
			};
			name = Debug;
		};
		63B7A1371FF68FC100972509 /* Release */ = {
			isa = XCBuildConfiguration;
			buildSettings = {
				CODE_SIGN_STYLE = Automatic;
				INFOPLIST_FILE = ttttttttttUITests/Info.plist;
				LD_RUNPATH_SEARCH_PATHS = "$(inherited) @executable_path/Frameworks @loader_path/Frameworks";
				PRODUCT_BUNDLE_IDENTIFIER = "-.ttttttttttUITests";
				PRODUCT_NAME = "$(TARGET_NAME)";
				TARGETED_DEVICE_FAMILY = "1,2";
				TEST_TARGET_NAME = tttttttttt;
			};
			name = Release;
		};
/* End XCBuildConfiguration section */

/* Begin XCConfigurationList section */
		63B7A0FE1FF68FC000972509 /* Build configuration list for PBXProject "tttttttttt" */ = {
			isa = XCConfigurationList;
			buildConfigurations = (
				63B7A12D1FF68FC100972509 /* Debug */,
				63B7A12E1FF68FC100972509 /* Release */,
			);
			defaultConfigurationIsVisible = 0;
			defaultConfigurationName = Release;
		};
		63B7A12F1FF68FC100972509 /* Build configuration list for PBXNativeTarget "tttttttttt" */ = {
			isa = XCConfigurationList;
			buildConfigurations = (
				63B7A1301FF68FC100972509 /* Debug */,
				63B7A1311FF68FC100972509 /* Release */,
			);
			defaultConfigurationIsVisible = 0;
			defaultConfigurationName = Release;
		};
		63B7A1321FF68FC100972509 /* Build configuration list for PBXNativeTarget "ttttttttttTests" */ = {
			isa = XCConfigurationList;
			buildConfigurations = (
				63B7A1331FF68FC100972509 /* Debug */,
				63B7A1341FF68FC100972509 /* Release */,
			);
			defaultConfigurationIsVisible = 0;
			defaultConfigurationName = Release;
		};
		63B7A1351FF68FC100972509 /* Build configuration list for PBXNativeTarget "ttttttttttUITests" */ = {
			isa = XCConfigurationList;
			buildConfigurations = (
				63B7A1361FF68FC100972509 /* Debug */,
				63B7A1371FF68FC100972509 /* Release */,
			);
			defaultConfigurationIsVisible = 0;
			defaultConfigurationName = Release;
		};
/* End XCConfigurationList section */
	};
	rootObject = 63B7A0FB1FF68FC000972509 /* Project object */;
}
